
Microsoft Visual Studio Solution File, Format Version 12.00
# Visual Studio Version 16
VisualStudioVersion = 16.0.30114.105
MinimumVisualStudioVersion = 10.0.40219.1
Project("{9A19103F-16F7-4668-BE54-9A1E7A4F7556}") = "svm_fs_batch", "svm_fs_batch\svm_fs_batch.csproj", "{532D934E-29A0-4B3A-85A2-A24C4DEEFA3C}"
EndProject
Global
	GlobalSection(SolutionConfigurationPlatforms) = preSolution
		Debug|x64 = Debug|x64
		Release|x64 = Release|x64
	EndGlobalSection
	GlobalSection(ProjectConfigurationPlatforms) = postSolution
		{532D934E-29A0-4B3A-85A2-A24C4DEEFA3C}.Debug|x64.ActiveCfg = Debug|x64
		{532D934E-29A0-4B3A-85A2-A24C4DEEFA3C}.Debug|x64.Build.0 = Debug|x64
		{532D934E-29A0-4B3A-85A2-A24C4DEEFA3C}.Release|x64.ActiveCfg = Release|x64
		{532D934E-29A0-4B3A-85A2-A24C4DEEFA3C}.Release|x64.Build.0 = Release|x64
	EndGlobalSection
	GlobalSection(SolutionProperties) = preSolution
		HideSolutionNode = FALSE
	EndGlobalSection
	GlobalSection(ExtensibilityGlobals) = postSolution
		SolutionGuid = {5F656C8F-832A-4486-87DC-2762429F1D06}
	EndGlobalSection
EndGlobal
